github.com/antihax/optional v1.0.0 h1:xK2lYat7ZLaVVcIuj82J8kIro4V6kDe0AUDFboUCwcg=
github.com/antihax/optional v1.0.0/go.mod h1:uupD/76wgC+ih3iEmQUL+0Ugr19nfwCT1kdvxnR2qWY=
github.com/google/uuid v1.3.0 h1:t6JiXgmwXMjEs8VusXIJk2BXHsn+wx8BZdTaoZ5fu7I=
github.com/google/uuid v1.3.0/go.mod h1:TIyPZe4MgqvfeYDBFedMoGGpEw/LqOeaOT+nhxU+yHo=
github.com/stretchr/testify v1.8.0 h1:pSgiaMZlXftHpm5L7V1+rVB+AZJydKsMxsQBIJw4PKk=
github.com/stretchr/testify v1.8.0/go.mod h1:yNjHg4UonilssWZ8iaSj1OCr/vHnekPRkoO+kdMU+MU=
golang.org/x/net v0.0.0-20220706163947-c90051bbdb60 h1:8NSylCMxLW4JvserAndSgFL7aPli6A68yf0bYFTcWCM=
golang.org/x/net v0.0.0-20220706163947-c90051bbdb60/go.mod h1:XRhObCWvk6IyKnWLug+ECip1KBveYUHfp+8e9klMJ9c=
golang.org/x/oauth2 v0.0.0-20220630143837-2104d58473e0 h1:VnGaRqoLmqZH/3TMLJwYCEWkR4j1nuIU1U9TvbqsDUw=
golang.org/x/oauth2 v0.0.0-20220630143837-2104d58473e0/go.mod h1:h4gKUeWbJ4rQPri7E0u6Gs4e9Ri2zaLxzw5DI5XGrYg=
