github.com/antihax/optional v1.0.0 h1:xK2lYat7ZLaVVcIuj82J8kIro4V6kDe0AUDFboUCwcg=
github.com/antihax/optional v1.0.0/go.mod h1:uupD/76wgC+ih3iEmQUL+0Ugr19nfwCT1kdvxnR2qWY=
github.com/google/uuid v1.1.2 h1:EVhdT+1Kseyi1/pUmXKaFxYsDNy9RQYkMWRH68J/W7Y=
github.com/google/uuid v1.1.2/go.mod h1:TIyPZe4MgqvfeYDBFedMoGGpEw/LqOeaOT+nhxU+yHo=
github.com/stretchr/testify v1.6.1 h1:hDPOHmpOpP40lSULcqw7IrRb/u7w6RpDC9399XyoNd0=
github.com/stretchr/testify v1.6.1/go.mod h1:6Fq8oRcR53rry900zMqJjRRixrwX3KX962/h/Wwjteg=
golang.org/x/oauth2 v0.0.0-20201208152858-08078c50e5b5 h1:Lm4OryKCca1vehdsWogr9N4t7NfZxLbJoc/H0w4K4S4=
golang.org/x/oauth2 v0.0.0-20201208152858-08078c50e5b5/go.mod h1:KelEdhl1UZF7XfJ4dDtk6s++YSgaE7mD/BuKKDLBl4A=
